
Microsoft Visual Studio Solution File, Format Version 12.00
# Visual Studio Version 17
VisualStudioVersion = 17.14.36301.6
MinimumVisualStudioVersion = 10.0.40219.1
Project("{FAE04EC0-301F-11D3-BF4B-00C04F79EFBC}") = "WeatherForecast.Api", "WeatherForecast.Api\WeatherForecast.Api.csproj", "{98690632-4217-4810-B9B2-BAC31997E5A7}"
EndProject
Project("{FAE04EC0-301F-11D3-BF4B-00C04F79EFBC}") = "WeatherForecastApplication", "WeatherApplication\WeatherForecastApplication.csproj", "{3A8C41F0-8159-413B-9460-2AA8B9B2834E}"
EndProject
Project("{FAE04EC0-301F-11D3-BF4B-00C04F79EFBC}") = "WeatherForecastDomain", "WeatherDomain\WeatherForecastDomain.csproj", "{5C92D200-818F-48E4-8970-850167142EC1}"
EndProject
Project("{FAE04EC0-301F-11D3-BF4B-00C04F79EFBC}") = "WeatherForecastInfrastructure", "WeatherForecastInfrastructure\WeatherForecastInfrastructure.csproj", "{0A29FA1F-F577-4E3B-BC4C-216E8A132D08}"
EndProject
Project("{FAE04EC0-301F-11D3-BF4B-00C04F79EFBC}") = "WeatherForecast.Tests", "WeatherForecast.Tests\WeatherForecast.Tests.csproj", "{13BE0D08-F3EB-4DA8-BFBF-CEB4C4C205E9}"
EndProject
Global
	GlobalSection(SolutionConfigurationPlatforms) = preSolution
		Debug|Any CPU = Debug|Any CPU
		Release|Any CPU = Release|Any CPU
	EndGlobalSection
	GlobalSection(ProjectConfigurationPlatforms) = postSolution
		{98690632-4217-4810-B9B2-BAC31997E5A7}.Debug|Any CPU.ActiveCfg = Debug|Any CPU
		{98690632-4217-4810-B9B2-BAC31997E5A7}.Debug|Any CPU.Build.0 = Debug|Any CPU
		{98690632-4217-4810-B9B2-BAC31997E5A7}.Release|Any CPU.ActiveCfg = Release|Any CPU
		{98690632-4217-4810-B9B2-BAC31997E5A7}.Release|Any CPU.Build.0 = Release|Any CPU
		{3A8C41F0-8159-413B-9460-2AA8B9B2834E}.Debug|Any CPU.ActiveCfg = Debug|Any CPU
		{3A8C41F0-8159-413B-9460-2AA8B9B2834E}.Debug|Any CPU.Build.0 = Debug|Any CPU
		{3A8C41F0-8159-413B-9460-2AA8B9B2834E}.Release|Any CPU.ActiveCfg = Release|Any CPU
		{3A8C41F0-8159-413B-9460-2AA8B9B2834E}.Release|Any CPU.Build.0 = Release|Any CPU
		{5C92D200-818F-48E4-8970-850167142EC1}.Debug|Any CPU.ActiveCfg = Debug|Any CPU
		{5C92D200-818F-48E4-8970-850167142EC1}.Debug|Any CPU.Build.0 = Debug|Any CPU
		{5C92D200-818F-48E4-8970-850167142EC1}.Release|Any CPU.ActiveCfg = Release|Any CPU
		{5C92D200-818F-48E4-8970-850167142EC1}.Release|Any CPU.Build.0 = Release|Any CPU
		{0A29FA1F-F577-4E3B-BC4C-216E8A132D08}.Debug|Any CPU.ActiveCfg = Debug|Any CPU
		{0A29FA1F-F577-4E3B-BC4C-216E8A132D08}.Debug|Any CPU.Build.0 = Debug|Any CPU
		{0A29FA1F-F577-4E3B-BC4C-216E8A132D08}.Release|Any CPU.ActiveCfg = Release|Any CPU
		{0A29FA1F-F577-4E3B-BC4C-216E8A132D08}.Release|Any CPU.Build.0 = Release|Any CPU
		{13BE0D08-F3EB-4DA8-BFBF-CEB4C4C205E9}.Debug|Any CPU.ActiveCfg = Debug|Any CPU
		{13BE0D08-F3EB-4DA8-BFBF-CEB4C4C205E9}.Debug|Any CPU.Build.0 = Debug|Any CPU
		{13BE0D08-F3EB-4DA8-BFBF-CEB4C4C205E9}.Release|Any CPU.ActiveCfg = Release|Any CPU
		{13BE0D08-F3EB-4DA8-BFBF-CEB4C4C205E9}.Release|Any CPU.Build.0 = Release|Any CPU
	EndGlobalSection
	GlobalSection(SolutionProperties) = preSolution
		HideSolutionNode = FALSE
	EndGlobalSection
	GlobalSection(ExtensibilityGlobals) = postSolution
		SolutionGuid = {05A38DAB-F81A-4C8A-8242-FCF195D2F3FE}
	EndGlobalSection
EndGlobal
